
Microsoft Visual Studio Solution File, Format Version 12.00
# Visual Studio 2013
VisualStudioVersion = 12.0.31101.0
MinimumVisualStudioVersion = 10.0.40219.1
Project("{FAE04EC0-301F-11D3-BF4B-00C04F79EFBC}") = "4tree", "4tree\4tree.csproj", "{A439A78F-E92E-4988-9FBD-6B1B6895C8BA}"
EndProject
Global
	GlobalSection(SolutionConfigurationPlatforms) = preSolution
		Debug|Any CPU = Debug|Any CPU
		Release|Any CPU = Release|Any CPU
	EndGlobalSection
	GlobalSection(ProjectConfigurationPlatforms) = postSolution
		{A439A78F-E92E-4988-9FBD-6B1B6895C8BA}.Debug|Any CPU.ActiveCfg = Debug|Any CPU
		{A439A78F-E92E-4988-9FBD-6B1B6895C8BA}.Debug|Any CPU.Build.0 = Debug|Any CPU
		{A439A78F-E92E-4988-9FBD-6B1B6895C8BA}.Release|Any CPU.ActiveCfg = Release|Any CPU
		{A439A78F-E92E-4988-9FBD-6B1B6895C8BA}.Release|Any CPU.Build.0 = Release|Any CPU
	EndGlobalSection
	GlobalSection(SolutionProperties) = preSolution
		HideSolutionNode = FALSE
	EndGlobalSection
EndGlobal
